// !$*UTF8*$!
{
	archiveVersion = 1;
	classes = {
	};
	objectVersion = 46;
	objects = {

/* Begin PBXBuildFile section */
		D35320AC1BA5383E001F2342 /* Courgette-Regular.ttf in Resources */ = {isa = PBXBuildFile; fileRef = D35320AB1BA5383E001F2342 /* Courgette-Regular.ttf */; };
		D35320AE1BA54013001F2342 /* JoinClassController.swift in Sources */ = {isa = PBXBuildFile; fileRef = D35320AD1BA54013001F2342 /* JoinClassController.swift */; };
		D35320B71BA54368001F2342 /* Bolts.framework in Frameworks */ = {isa = PBXBuildFile; fileRef = D35320B31BA54360001F2342 /* Bolts.framework */; };
		D35320B81BA54368001F2342 /* Parse.framework in Frameworks */ = {isa = PBXBuildFile; fileRef = D35320B41BA54360001F2342 /* Parse.framework */; };
		D35320B91BA54368001F2342 /* ParseCrashReporting.framework in Frameworks */ = {isa = PBXBuildFile; fileRef = D35320B51BA54360001F2342 /* ParseCrashReporting.framework */; };
		D35320BC1BA54379001F2342 /* AudioToolbox.framework in Frameworks */ = {isa = PBXBuildFile; fileRef = D35320BB1BA54379001F2342 /* AudioToolbox.framework */; };
		D35320BE1BA54383001F2342 /* CFNetwork.framework in Frameworks */ = {isa = PBXBuildFile; fileRef = D35320BD1BA54383001F2342 /* CFNetwork.framework */; };
		D35320C01BA5438A001F2342 /* CoreGraphics.framework in Frameworks */ = {isa = PBXBuildFile; fileRef = D35320BF1BA5438A001F2342 /* CoreGraphics.framework */; };
		D35320C21BA54393001F2342 /* CoreLocation.framework in Frameworks */ = {isa = PBXBuildFile; fileRef = D35320C11BA54393001F2342 /* CoreLocation.framework */; };
		D35320C41BA5439A001F2342 /* QuartzCore.framework in Frameworks */ = {isa = PBXBuildFile; fileRef = D35320C31BA5439A001F2342 /* QuartzCore.framework */; };
		D35320C61BA543A0001F2342 /* Security.framework in Frameworks */ = {isa = PBXBuildFile; fileRef = D35320C51BA543A0001F2342 /* Security.framework */; };
		D35320CA1BA543AD001F2342 /* SystemConfiguration.framework in Frameworks */ = {isa = PBXBuildFile; fileRef = D35320C91BA543AD001F2342 /* SystemConfiguration.framework */; };
		D35320CC1BA543B6001F2342 /* libz.dylib in Frameworks */ = {isa = PBXBuildFile; fileRef = D35320CB1BA543B6001F2342 /* libz.dylib */; };
		D35320CE1BA543C4001F2342 /* libsqlite3.dylib in Frameworks */ = {isa = PBXBuildFile; fileRef = D35320CD1BA543C4001F2342 /* libsqlite3.dylib */; };
		D35320D41BA5451A001F2342 /* Installation.swift in Sources */ = {isa = PBXBuildFile; fileRef = D35320D31BA5451A001F2342 /* Installation.swift */; };
		D35320D61BA54548001F2342 /* Global.swift in Sources */ = {isa = PBXBuildFile; fileRef = D35320D51BA54548001F2342 /* Global.swift */; };
		D35320D81BA546E0001F2342 /* Notifications.swift in Sources */ = {isa = PBXBuildFile; fileRef = D35320D71BA546E0001F2342 /* Notifications.swift */; };
		D35320DA1BA54788001F2342 /* libc++.dylib in Frameworks */ = {isa = PBXBuildFile; fileRef = D35320D91BA54788001F2342 /* libc++.dylib */; };
		D3D5AE5A1BA52F6F00A50B8A /* AppDelegate.swift in Sources */ = {isa = PBXBuildFile; fileRef = D3D5AE591BA52F6F00A50B8A /* AppDelegate.swift */; };
		D3D5AE5F1BA52F6F00A50B8A /* Main.storyboard in Resources */ = {isa = PBXBuildFile; fileRef = D3D5AE5D1BA52F6F00A50B8A /* Main.storyboard */; };
		D3D5AE611BA52F6F00A50B8A /* Images.xcassets in Resources */ = {isa = PBXBuildFile; fileRef = D3D5AE601BA52F6F00A50B8A /* Images.xcassets */; };
		D3D5AE641BA52F6F00A50B8A /* LaunchScreen.xib in Resources */ = {isa = PBXBuildFile; fileRef = D3D5AE621BA52F6F00A50B8A /* LaunchScreen.xib */; };
		D3D5AE701BA52F6F00A50B8A /* OpinTests.swift in Sources */ = {isa = PBXBuildFile; fileRef = D3D5AE6F1BA52F6F00A50B8A /* OpinTests.swift */; };
		D3E55A301BA54888003B8351 /* libstdc++.6.dylib in Frameworks */ = {isa = PBXBuildFile; fileRef = D3E55A2F1BA54888003B8351 /* libstdc++.6.dylib */; };
		D3E55A321BA548EC003B8351 /* Config.swift in Sources */ = {isa = PBXBuildFile; fileRef = D3E55A311BA548EC003B8351 /* Config.swift */; };
		D3E55A341BA54AB3003B8351 /* PollsTableController.swift in Sources */ = {isa = PBXBuildFile; fileRef = D3E55A331BA54AB3003B8351 /* PollsTableController.swift */; };
		D3E55A361BA54B3C003B8351 /* PagesController.swift in Sources */ = {isa = PBXBuildFile; fileRef = D3E55A351BA54B3C003B8351 /* PagesController.swift */; };
		D3E55A381BA54B91003B8351 /* PageController.swift in Sources */ = {isa = PBXBuildFile; fileRef = D3E55A371BA54B91003B8351 /* PageController.swift */; };
		D3E55A3A1BA552FB003B8351 /* Survey.swift in Sources */ = {isa = PBXBuildFile; fileRef = D3E55A391BA552FB003B8351 /* Survey.swift */; };
		D3E55A3E1BA562A3003B8351 /* TTTTimeIntervalFormatter.m in Sources */ = {isa = PBXBuildFile; fileRef = D3E55A3D1BA562A3003B8351 /* TTTTimeIntervalFormatter.m */; };
		D3E55A431BA56626003B8351 /* SurveyController.swift in Sources */ = {isa = PBXBuildFile; fileRef = D3E55A421BA56626003B8351 /* SurveyController.swift */; };
/* End PBXBuildFile section */

/* Begin PBXContainerItemProxy section */
		D3D5AE6A1BA52F6F00A50B8A /* PBXContainerItemProxy */ = {
			isa = PBXContainerItemProxy;
			containerPortal = D3D5AE4C1BA52F6F00A50B8A /* Project object */;
			proxyType = 1;
			remoteGlobalIDString = D3D5AE531BA52F6F00A50B8A;
			remoteInfo = Opin;
		};
/* End PBXContainerItemProxy section */

/* Begin PBXFileReference section */
		D35320AB1BA5383E001F2342 /* Courgette-Regular.ttf */ = {isa = PBXFileReference; lastKnownFileType = file; name = "Courgette-Regular.ttf"; path = "Fonts/Courgette-Regular.ttf"; sourceTree = SOURCE_ROOT; };
		D35320AD1BA54013001F2342 /* JoinClassController.swift */ = {isa = PBXFileReference; fileEncoding = 4; lastKnownFileType = sourcecode.swift; path = JoinClassController.swift; sourceTree = "<group>"; };
		D35320B31BA54360001F2342 /* Bolts.framework */ = {isa = PBXFileReference; lastKnownFileType = wrapper.framework; path = Bolts.framework; sourceTree = "<group>"; };
		D35320B41BA54360001F2342 /* Parse.framework */ = {isa = PBXFileReference; lastKnownFileType = wrapper.framework; path = Parse.framework; sourceTree = "<group>"; };
		D35320B51BA54360001F2342 /* ParseCrashReporting.framework */ = {isa = PBXFileReference; lastKnownFileType = wrapper.framework; path = ParseCrashReporting.framework; sourceTree = "<group>"; };
		D35320BB1BA54379001F2342 /* AudioToolbox.framework */ = {isa = PBXFileReference; lastKnownFileType = wrapper.framework; name = AudioToolbox.framework; path = System/Library/Frameworks/AudioToolbox.framework; sourceTree = SDKROOT; };
		D35320BD1BA54383001F2342 /* CFNetwork.framework */ = {isa = PBXFileReference; lastKnownFileType = wrapper.framework; name = CFNetwork.framework; path = System/Library/Frameworks/CFNetwork.framework; sourceTree = SDKROOT; };
		D35320BF1BA5438A001F2342 /* CoreGraphics.framework */ = {isa = PBXFileReference; lastKnownFileType = wrapper.framework; name = CoreGraphics.framework; path = System/Library/Frameworks/CoreGraphics.framework; sourceTree = SDKROOT; };
		D35320C11BA54393001F2342 /* CoreLocation.framework */ = {isa = PBXFileReference; lastKnownFileType = wrapper.framework; name = CoreLocation.framework; path = System/Library/Frameworks/CoreLocation.framework; sourceTree = SDKROOT; };
		D35320C31BA5439A001F2342 /* QuartzCore.framework */ = {isa = PBXFileReference; lastKnownFileType = wrapper.framework; name = QuartzCore.framework; path = System/Library/Frameworks/QuartzCore.framework; sourceTree = SDKROOT; };
		D35320C51BA543A0001F2342 /* Security.framework */ = {isa = PBXFileReference; lastKnownFileType = wrapper.framework; name = Security.framework; path = System/Library/Frameworks/Security.framework; sourceTree = SDKROOT; };
		D35320C91BA543AD001F2342 /* SystemConfiguration.framework */ = {isa = PBXFileReference; lastKnownFileType = wrapper.framework; name = SystemConfiguration.framework; path = System/Library/Frameworks/SystemConfiguration.framework; sourceTree = SDKROOT; };
		D35320CB1BA543B6001F2342 /* libz.dylib */ = {isa = PBXFileReference; lastKnownFileType = "compiled.mach-o.dylib"; name = libz.dylib; path = usr/lib/libz.dylib; sourceTree = SDKROOT; };
		D35320CD1BA543C4001F2342 /* libsqlite3.dylib */ = {isa = PBXFileReference; lastKnownFileType = "compiled.mach-o.dylib"; name = libsqlite3.dylib; path = usr/lib/libsqlite3.dylib; sourceTree = SDKROOT; };
		D35320CF1BA54406001F2342 /* Opin-Bridging-Header.h */ = {isa = PBXFileReference; lastKnownFileType = sourcecode.c.h; path = "Opin-Bridging-Header.h"; sourceTree = "<group>"; };
		D35320D31BA5451A001F2342 /* Installation.swift */ = {isa = PBXFileReference; fileEncoding = 4; lastKnownFileType = sourcecode.swift; path = Installation.swift; sourceTree = "<group>"; };
		D35320D51BA54548001F2342 /* Global.swift */ = {isa = PBXFileReference; fileEncoding = 4; lastKnownFileType = sourcecode.swift; path = Global.swift; sourceTree = "<group>"; };
		D35320D71BA546E0001F2342 /* Notifications.swift */ = {isa = PBXFileReference; fileEncoding = 4; lastKnownFileType = sourcecode.swift; path = Notifications.swift; sourceTree = "<group>"; };
		D35320D91BA54788001F2342 /* libc++.dylib */ = {isa = PBXFileReference; lastKnownFileType = "compiled.mach-o.dylib"; name = "libc++.dylib"; path = "usr/lib/libc++.dylib"; sourceTree = SDKROOT; };
		D35320DB1BA5479D001F2342 /* Accounts.framework */ = {isa = PBXFileReference; lastKnownFileType = wrapper.framework; name = Accounts.framework; path = System/Library/Frameworks/Accounts.framework; sourceTree = SDKROOT; };
		D35320DD1BA547A4001F2342 /* Social.framework */ = {isa = PBXFileReference; lastKnownFileType = wrapper.framework; name = Social.framework; path = System/Library/Frameworks/Social.framework; sourceTree = SDKROOT; };
		D3D5AE541BA52F6F00A50B8A /* Opin.app */ = {isa = PBXFileReference; explicitFileType = wrapper.application; includeInIndex = 0; path = Opin.app; sourceTree = BUILT_PRODUCTS_DIR; };
		D3D5AE581BA52F6F00A50B8A /* Info.plist */ = {isa = PBXFileReference; lastKnownFileType = text.plist.xml; path = Info.plist; sourceTree = "<group>"; };
		D3D5AE591BA52F6F00A50B8A /* AppDelegate.swift */ = {isa = PBXFileReference; lastKnownFileType = sourcecode.swift; path = AppDelegate.swift; sourceTree = "<group>"; };
		D3D5AE5E1BA52F6F00A50B8A /* Base */ = {isa = PBXFileReference; lastKnownFileType = file.storyboard; name = Base; path = Base.lproj/Main.storyboard; sourceTree = "<group>"; };
		D3D5AE601BA52F6F00A50B8A /* Images.xcassets */ = {isa = PBXFileReference; lastKnownFileType = folder.assetcatalog; path = Images.xcassets; sourceTree = "<group>"; };
		D3D5AE631BA52F6F00A50B8A /* Base */ = {isa = PBXFileReference; lastKnownFileType = file.xib; name = Base; path = Base.lproj/LaunchScreen.xib; sourceTree = "<group>"; };
		D3D5AE691BA52F6F00A50B8A /* OpinTests.xctest */ = {isa = PBXFileReference; explicitFileType = wrapper.cfbundle; includeInIndex = 0; path = OpinTests.xctest; sourceTree = BUILT_PRODUCTS_DIR; };
		D3D5AE6E1BA52F6F00A50B8A /* Info.plist */ = {isa = PBXFileReference; lastKnownFileType = text.plist.xml; path = Info.plist; sourceTree = "<group>"; };
		D3D5AE6F1BA52F6F00A50B8A /* OpinTests.swift */ = {isa = PBXFileReference; lastKnownFileType = sourcecode.swift; path = OpinTests.swift; sourceTree = "<group>"; };
		D3E55A2F1BA54888003B8351 /* libstdc++.6.dylib */ = {isa = PBXFileReference; lastKnownFileType = "compiled.mach-o.dylib"; name = "libstdc++.6.dylib"; path = "usr/lib/libstdc++.6.dylib"; sourceTree = SDKROOT; };
		D3E55A311BA548EC003B8351 /* Config.swift */ = {isa = PBXFileReference; fileEncoding = 4; lastKnownFileType = sourcecode.swift; path = Config.swift; sourceTree = "<group>"; };
		D3E55A331BA54AB3003B8351 /* PollsTableController.swift */ = {isa = PBXFileReference; fileEncoding = 4; lastKnownFileType = sourcecode.swift; path = PollsTableController.swift; sourceTree = "<group>"; };
		D3E55A351BA54B3C003B8351 /* PagesController.swift */ = {isa = PBXFileReference; fileEncoding = 4; lastKnownFileType = sourcecode.swift; path = PagesController.swift; sourceTree = "<group>"; };
		D3E55A371BA54B91003B8351 /* PageController.swift */ = {isa = PBXFileReference; fileEncoding = 4; lastKnownFileType = sourcecode.swift; path = PageController.swift; sourceTree = "<group>"; };
		D3E55A391BA552FB003B8351 /* Survey.swift */ = {isa = PBXFileReference; fileEncoding = 4; lastKnownFileType = sourcecode.swift; path = Survey.swift; sourceTree = "<group>"; };
		D3E55A3C1BA562A3003B8351 /* TTTTimeIntervalFormatter.h */ = {isa = PBXFileReference; fileEncoding = 4; lastKnownFileType = sourcecode.c.h; path = TTTTimeIntervalFormatter.h; sourceTree = "<group>"; };
		D3E55A3D1BA562A3003B8351 /* TTTTimeIntervalFormatter.m */ = {isa = PBXFileReference; fileEncoding = 4; lastKnownFileType = sourcecode.c.objc; path = TTTTimeIntervalFormatter.m; sourceTree = "<group>"; };
		D3E55A421BA56626003B8351 /* SurveyController.swift */ = {isa = PBXFileReference; fileEncoding = 4; lastKnownFileType = sourcecode.swift; path = SurveyController.swift; sourceTree = "<group>"; };
/* End PBXFileReference section */

/* Begin PBXFrameworksBuildPhase section */
		D3D5AE511BA52F6F00A50B8A /* Frameworks */ = {
			isa = PBXFrameworksBuildPhase;
			buildActionMask = 2147483647;
			files = (
				D3E55A301BA54888003B8351 /* libstdc++.6.dylib in Frameworks */,
				D35320DA1BA54788001F2342 /* libc++.dylib in Frameworks */,
				D35320CE1BA543C4001F2342 /* libsqlite3.dylib in Frameworks */,
				D35320CC1BA543B6001F2342 /* libz.dylib in Frameworks */,
				D35320CA1BA543AD001F2342 /* SystemConfiguration.framework in Frameworks */,
				D35320C61BA543A0001F2342 /* Security.framework in Frameworks */,
				D35320C41BA5439A001F2342 /* QuartzCore.framework in Frameworks */,
				D35320C21BA54393001F2342 /* CoreLocation.framework in Frameworks */,
				D35320C01BA5438A001F2342 /* CoreGraphics.framework in Frameworks */,
				D35320BE1BA54383001F2342 /* CFNetwork.framework in Frameworks */,
				D35320BC1BA54379001F2342 /* AudioToolbox.framework in Frameworks */,
				D35320B71BA54368001F2342 /* Bolts.framework in Frameworks */,
				D35320B81BA54368001F2342 /* Parse.framework in Frameworks */,
				D35320B91BA54368001F2342 /* ParseCrashReporting.framework in Frameworks */,
			);
			runOnlyForDeploymentPostprocessing = 0;
		};
		D3D5AE661BA52F6F00A50B8A /* Frameworks */ = {
			isa = PBXFrameworksBuildPhase;
			buildActionMask = 2147483647;
			files = (
			);
			runOnlyForDeploymentPostprocessing = 0;
		};
/* End PBXFrameworksBuildPhase section */

/* Begin PBXGroup section */
		D35320AF1BA54019001F2342 /* Core */ = {
			isa = PBXGroup;
			children = (
				D3D5AE591BA52F6F00A50B8A /* AppDelegate.swift */,
				D3D5AE5D1BA52F6F00A50B8A /* Main.storyboard */,
			);
			name = Core;
			sourceTree = "<group>";
		};
		D35320B01BA54024001F2342 /* Controllers */ = {
			isa = PBXGroup;
			children = (
				D35320AD1BA54013001F2342 /* JoinClassController.swift */,
				D3E55A331BA54AB3003B8351 /* PollsTableController.swift */,
				D3E55A421BA56626003B8351 /* SurveyController.swift */,
				D3E55A351BA54B3C003B8351 /* PagesController.swift */,
				D3E55A371BA54B91003B8351 /* PageController.swift */,
			);
			name = Controllers;
			sourceTree = "<group>";
		};
		D35320B11BA54191001F2342 /* Models */ = {
			isa = PBXGroup;
			children = (
				D3E55A311BA548EC003B8351 /* Config.swift */,
				D35320D51BA54548001F2342 /* Global.swift */,
				D35320D31BA5451A001F2342 /* Installation.swift */,
				D35320D71BA546E0001F2342 /* Notifications.swift */,
				D3E55A391BA552FB003B8351 /* Survey.swift */,
			);
			name = Models;
			sourceTree = "<group>";
		};
		D35320B21BA54360001F2342 /* Frameworks */ = {
			isa = PBXGroup;
			children = (
				D3E55A2F1BA54888003B8351 /* libstdc++.6.dylib */,
				D35320DD1BA547A4001F2342 /* Social.framework */,
				D35320DB1BA5479D001F2342 /* Accounts.framework */,
				D35320D91BA54788001F2342 /* libc++.dylib */,
				D35320CD1BA543C4001F2342 /* libsqlite3.dylib */,
				D35320CB1BA543B6001F2342 /* libz.dylib */,
				D35320C91BA543AD001F2342 /* SystemConfiguration.framework */,
				D35320C51BA543A0001F2342 /* Security.framework */,
				D35320C31BA5439A001F2342 /* QuartzCore.framework */,
				D35320C11BA54393001F2342 /* CoreLocation.framework */,
				D35320BF1BA5438A001F2342 /* CoreGraphics.framework */,
				D35320BD1BA54383001F2342 /* CFNetwork.framework */,
				D35320BB1BA54379001F2342 /* AudioToolbox.framework */,
				D35320B31BA54360001F2342 /* Bolts.framework */,
				D35320B41BA54360001F2342 /* Parse.framework */,
				D35320B51BA54360001F2342 /* ParseCrashReporting.framework */,
			);
			path = Frameworks;
			sourceTree = "<group>";
		};
		D3D5AE4B1BA52F6F00A50B8A = {
			isa = PBXGroup;
			children = (
				D3D5AE561BA52F6F00A50B8A /* Opin */,
				D3D5AE6C1BA52F6F00A50B8A /* OpinTests */,
				D3D5AE551BA52F6F00A50B8A /* Products */,
				D35320B21BA54360001F2342 /* Frameworks */,
			);
			sourceTree = "<group>";
		};
		D3D5AE551BA52F6F00A50B8A /* Products */ = {
			isa = PBXGroup;
			children = (
				D3D5AE541BA52F6F00A50B8A /* Opin.app */,
				D3D5AE691BA52F6F00A50B8A /* OpinTests.xctest */,
			);
			name = Products;
			sourceTree = "<group>";
		};
		D3D5AE561BA52F6F00A50B8A /* Opin */ = {
			isa = PBXGroup;
			children = (
				D3E55A3B1BA5628F003B8351 /* 3rdParty */,
				D35320AF1BA54019001F2342 /* Core */,
				D35320B11BA54191001F2342 /* Models */,
				D35320B01BA54024001F2342 /* Controllers */,
				D3D5AE571BA52F6F00A50B8A /* Supporting Files */,
			);
			path = Opin;
			sourceTree = "<group>";
		};
		D3D5AE571BA52F6F00A50B8A /* Supporting Files */ = {
			isa = PBXGroup;
			children = (
				D3D5AE621BA52F6F00A50B8A /* LaunchScreen.xib */,
				D3D5AE601BA52F6F00A50B8A /* Images.xcassets */,
				D35320AB1BA5383E001F2342 /* Courgette-Regular.ttf */,
				D3D5AE581BA52F6F00A50B8A /* Info.plist */,
				D35320CF1BA54406001F2342 /* Opin-Bridging-Header.h */,
			);
			name = "Supporting Files";
			sourceTree = "<group>";
		};
		D3D5AE6C1BA52F6F00A50B8A /* OpinTests */ = {
			isa = PBXGroup;
			children = (
				D3D5AE6F1BA52F6F00A50B8A /* OpinTests.swift */,
				D3D5AE6D1BA52F6F00A50B8A /* Supporting Files */,
			);
			path = OpinTests;
			sourceTree = "<group>";
		};
		D3D5AE6D1BA52F6F00A50B8A /* Supporting Files */ = {
			isa = PBXGroup;
			children = (
				D3D5AE6E1BA52F6F00A50B8A /* Info.plist */,
			);
			name = "Supporting Files";
			sourceTree = "<group>";
		};
		D3E55A3B1BA5628F003B8351 /* 3rdParty */ = {
			isa = PBXGroup;
			children = (
				D3E55A3C1BA562A3003B8351 /* TTTTimeIntervalFormatter.h */,
				D3E55A3D1BA562A3003B8351 /* TTTTimeIntervalFormatter.m */,
			);
			name = 3rdParty;
			sourceTree = "<group>";
		};
/* End PBXGroup section */

/* Begin PBXNativeTarget section */
		D3D5AE531BA52F6F00A50B8A /* Opin */ = {
			isa = PBXNativeTarget;
			buildConfigurationList = D3D5AE731BA52F6F00A50B8A /* Build configuration list for PBXNativeTarget "Opin" */;
			buildPhases = (
				D3D5AE501BA52F6F00A50B8A /* Sources */,
				D3D5AE511BA52F6F00A50B8A /* Frameworks */,
				D3D5AE521BA52F6F00A50B8A /* Resources */,
				D35320DF1BA54818001F2342 /* ShellScript */,
			);
			buildRules = (
			);
			dependencies = (
			);
			name = Opin;
			productName = Opin;
			productReference = D3D5AE541BA52F6F00A50B8A /* Opin.app */;
			productType = "com.apple.product-type.application";
		};
		D3D5AE681BA52F6F00A50B8A /* OpinTests */ = {
			isa = PBXNativeTarget;
			buildConfigurationList = D3D5AE761BA52F6F00A50B8A /* Build configuration list for PBXNativeTarget "OpinTests" */;
			buildPhases = (
				D3D5AE651BA52F6F00A50B8A /* Sources */,
				D3D5AE661BA52F6F00A50B8A /* Frameworks */,
				D3D5AE671BA52F6F00A50B8A /* Resources */,
			);
			buildRules = (
			);
			dependencies = (
				D3D5AE6B1BA52F6F00A50B8A /* PBXTargetDependency */,
			);
			name = OpinTests;
			productName = OpinTests;
			productReference = D3D5AE691BA52F6F00A50B8A /* OpinTests.xctest */;
			productType = "com.apple.product-type.bundle.unit-test";
		};
/* End PBXNativeTarget section */

/* Begin PBXProject section */
		D3D5AE4C1BA52F6F00A50B8A /* Project object */ = {
			isa = PBXProject;
			attributes = {
				LastSwiftUpdateCheck = 0700;
				LastUpgradeCheck = 0640;
				ORGANIZATIONNAME = "Brian Vallelunga";
				TargetAttributes = {
					D3D5AE531BA52F6F00A50B8A = {
						CreatedOnToolsVersion = 6.4;
						DevelopmentTeam = R5K2X99B7E;
						SystemCapabilities = {
							com.apple.BackgroundModes = {
								enabled = 1;
							};
							com.apple.InAppPurchase = {
								enabled = 0;
							};
						};
					};
					D3D5AE681BA52F6F00A50B8A = {
						CreatedOnToolsVersion = 6.4;
						TestTargetID = D3D5AE531BA52F6F00A50B8A;
					};
				};
			};
			buildConfigurationList = D3D5AE4F1BA52F6F00A50B8A /* Build configuration list for PBXProject "Opin" */;
			compatibilityVersion = "Xcode 3.2";
			developmentRegion = English;
			hasScannedForEncodings = 0;
			knownRegions = (
				en,
				Base,
			);
			mainGroup = D3D5AE4B1BA52F6F00A50B8A;
			productRefGroup = D3D5AE551BA52F6F00A50B8A /* Products */;
			projectDirPath = "";
			projectRoot = "";
			targets = (
				D3D5AE531BA52F6F00A50B8A /* Opin */,
				D3D5AE681BA52F6F00A50B8A /* OpinTests */,
			);
		};
/* End PBXProject section */

/* Begin PBXResourcesBuildPhase section */
		D3D5AE521BA52F6F00A50B8A /* Resources */ = {
			isa = PBXResourcesBuildPhase;
			buildActionMask = 2147483647;
			files = (
				D3D5AE5F1BA52F6F00A50B8A /* Main.storyboard in Resources */,
				D3D5AE641BA52F6F00A50B8A /* LaunchScreen.xib in Resources */,
				D35320AC1BA5383E001F2342 /* Courgette-Regular.ttf in Resources */,
				D3D5AE611BA52F6F00A50B8A /* Images.xcassets in Resources */,
			);
			runOnlyForDeploymentPostprocessing = 0;
		};
		D3D5AE671BA52F6F00A50B8A /* Resources */ = {
			isa = PBXResourcesBuildPhase;
			buildActionMask = 2147483647;
			files = (
			);
			runOnlyForDeploymentPostprocessing = 0;
		};
/* End PBXResourcesBuildPhase section */

/* Begin PBXShellScriptBuildPhase section */
		D35320DF1BA54818001F2342 /* ShellScript */ = {
			isa = PBXShellScriptBuildPhase;
			buildActionMask = 12;
			files = (
			);
			inputPaths = (
			);
			outputPaths = (
			);
			runOnlyForDeploymentPostprocessing = 0;
			shellPath = /bin/sh;
			shellScript = "Type a script or drag a script file from your workspace to insert its path";
		};
/* End PBXShellScriptBuildPhase section */

/* Begin PBXSourcesBuildPhase section */
		D3D5AE501BA52F6F00A50B8A /* Sources */ = {
			isa = PBXSourcesBuildPhase;
			buildActionMask = 2147483647;
			files = (
				D3E55A3A1BA552FB003B8351 /* Survey.swift in Sources */,
				D35320D81BA546E0001F2342 /* Notifications.swift in Sources */,
				D35320D61BA54548001F2342 /* Global.swift in Sources */,
				D3E55A431BA56626003B8351 /* SurveyController.swift in Sources */,
				D35320AE1BA54013001F2342 /* JoinClassController.swift in Sources */,
				D3E55A341BA54AB3003B8351 /* PollsTableController.swift in Sources */,
				D3E55A361BA54B3C003B8351 /* PagesController.swift in Sources */,
				D35320D41BA5451A001F2342 /* Installation.swift in Sources */,
				D3D5AE5A1BA52F6F00A50B8A /* AppDelegate.swift in Sources */,
				D3E55A321BA548EC003B8351 /* Config.swift in Sources */,
				D3E55A381BA54B91003B8351 /* PageController.swift in Sources */,
				D3E55A3E1BA562A3003B8351 /* TTTTimeIntervalFormatter.m in Sources */,
			);
			runOnlyForDeploymentPostprocessing = 0;
		};
		D3D5AE651BA52F6F00A50B8A /* Sources */ = {
			isa = PBXSourcesBuildPhase;
			buildActionMask = 2147483647;
			files = (
				D3D5AE701BA52F6F00A50B8A /* OpinTests.swift in Sources */,
			);
			runOnlyForDeploymentPostprocessing = 0;
		};
/* End PBXSourcesBuildPhase section */

/* Begin PBXTargetDependency section */
		D3D5AE6B1BA52F6F00A50B8A /* PBXTargetDependency */ = {
			isa = PBXTargetDependency;
			target = D3D5AE531BA52F6F00A50B8A /* Opin */;
			targetProxy = D3D5AE6A1BA52F6F00A50B8A /* PBXContainerItemProxy */;
		};
/* End PBXTargetDependency section */

/* Begin PBXVariantGroup section */
		D3D5AE5D1BA52F6F00A50B8A /* Main.storyboard */ = {
			isa = PBXVariantGroup;
			children = (
				D3D5AE5E1BA52F6F00A50B8A /* Base */,
			);
			name = Main.storyboard;
			sourceTree = "<group>";
		};
		D3D5AE621BA52F6F00A50B8A /* LaunchScreen.xib */ = {
			isa = PBXVariantGroup;
			children = (
				D3D5AE631BA52F6F00A50B8A /* Base */,
			);
			name = LaunchScreen.xib;
			sourceTree = "<group>";
		};
/* End PBXVariantGroup section */

/* Begin XCBuildConfiguration section */
		D3D5AE711BA52F6F00A50B8A /* Debug */ = {
			isa = XCBuildConfiguration;
			buildSettings = {
				ALWAYS_SEARCH_USER_PATHS = NO;
				CLANG_CXX_LANGUAGE_STANDARD = "gnu++0x";
				CLANG_CXX_LIBRARY = "libc++";
				CLANG_ENABLE_MODULES = YES;
				CLANG_ENABLE_OBJC_ARC = YES;
				CLANG_WARN_BOOL_CONVERSION = YES;
				CLANG_WARN_CONSTANT_CONVERSION = YES;
				CLANG_WARN_DIRECT_OBJC_ISA_USAGE = YES_ERROR;
				CLANG_WARN_EMPTY_BODY = YES;
				CLANG_WARN_ENUM_CONVERSION = YES;
				CLANG_WARN_INT_CONVERSION = YES;
				CLANG_WARN_OBJC_ROOT_CLASS = YES_ERROR;
				CLANG_WARN_UNREACHABLE_CODE = YES;
				CLANG_WARN__DUPLICATE_METHOD_MATCH = YES;
				"CODE_SIGN_IDENTITY[sdk=iphoneos*]" = "iPhone Developer";
				COPY_PHASE_STRIP = NO;
				DEBUG_INFORMATION_FORMAT = "dwarf-with-dsym";
				ENABLE_STRICT_OBJC_MSGSEND = YES;
				GCC_C_LANGUAGE_STANDARD = gnu99;
				GCC_DYNAMIC_NO_PIC = NO;
				GCC_NO_COMMON_BLOCKS = YES;
				GCC_OPTIMIZATION_LEVEL = 0;
				GCC_PREPROCESSOR_DEFINITIONS = (
					"DEBUG=1",
					"$(inherited)",
				);
				GCC_SYMBOLS_PRIVATE_EXTERN = NO;
				GCC_WARN_64_TO_32_BIT_CONVERSION = YES;
				GCC_WARN_ABOUT_RETURN_TYPE = YES_ERROR;
				GCC_WARN_UNDECLARED_SELECTOR = YES;
				GCC_WARN_UNINITIALIZED_AUTOS = YES_AGGRESSIVE;
				GCC_WARN_UNUSED_FUNCTION = YES;
				GCC_WARN_UNUSED_VARIABLE = YES;
				IPHONEOS_DEPLOYMENT_TARGET = 8.4;
				MTL_ENABLE_DEBUG_INFO = YES;
				ONLY_ACTIVE_ARCH = YES;
				SDKROOT = iphoneos;
				SWIFT_OPTIMIZATION_LEVEL = "-Onone";
				TARGETED_DEVICE_FAMILY = "1,2";
			};
			name = Debug;
		};
		D3D5AE721BA52F6F00A50B8A /* Release */ = {
			isa = XCBuildConfiguration;
			buildSettings = {
				ALWAYS_SEARCH_USER_PATHS = NO;
				CLANG_CXX_LANGUAGE_STANDARD = "gnu++0x";
				CLANG_CXX_LIBRARY = "libc++";
				CLANG_ENABLE_MODULES = YES;
				CLANG_ENABLE_OBJC_ARC = YES;
				CLANG_WARN_BOOL_CONVERSION = YES;
				CLANG_WARN_CONSTANT_CONVERSION = YES;
				CLANG_WARN_DIRECT_OBJC_ISA_USAGE = YES_ERROR;
				CLANG_WARN_EMPTY_BODY = YES;
				CLANG_WARN_ENUM_CONVERSION = YES;
				CLANG_WARN_INT_CONVERSION = YES;
				CLANG_WARN_OBJC_ROOT_CLASS = YES_ERROR;
				CLANG_WARN_UNREACHABLE_CODE = YES;
				CLANG_WARN__DUPLICATE_METHOD_MATCH = YES;
				"CODE_SIGN_IDENTITY[sdk=iphoneos*]" = "iPhone Developer";
				COPY_PHASE_STRIP = NO;
				DEBUG_INFORMATION_FORMAT = "dwarf-with-dsym";
				ENABLE_NS_ASSERTIONS = NO;
				ENABLE_STRICT_OBJC_MSGSEND = YES;
				GCC_C_LANGUAGE_STANDARD = gnu99;
				GCC_NO_COMMON_BLOCKS = YES;
				GCC_WARN_64_TO_32_BIT_CONVERSION = YES;
				GCC_WARN_ABOUT_RETURN_TYPE = YES_ERROR;
				GCC_WARN_UNDECLARED_SELECTOR = YES;
				GCC_WARN_UNINITIALIZED_AUTOS = YES_AGGRESSIVE;
				GCC_WARN_UNUSED_FUNCTION = YES;
				GCC_WARN_UNUSED_VARIABLE = YES;
				IPHONEOS_DEPLOYMENT_TARGET = 8.4;
				MTL_ENABLE_DEBUG_INFO = NO;
				SDKROOT = iphoneos;
				TARGETED_DEVICE_FAMILY = "1,2";
				VALIDATE_PRODUCT = YES;
			};
			name = Release;
		};
		D3D5AE741BA52F6F00A50B8A /* Debug */ = {
			isa = XCBuildConfiguration;
			buildSettings = {
				ASSETCATALOG_COMPILER_APPICON_NAME = AppIcon;
				CLANG_ENABLE_MODULES = YES;
				CODE_SIGN_IDENTITY = "iPhone Developer";
				FRAMEWORK_SEARCH_PATHS = (
					"$(inherited)",
					"$(PROJECT_DIR)/Frameworks",
				);
				INFOPLIST_FILE = Opin/Info.plist;
				LD_RUNPATH_SEARCH_PATHS = "$(inherited) @executable_path/Frameworks";
				PRODUCT_NAME = "$(TARGET_NAME)";
				SWIFT_OBJC_BRIDGING_HEADER = "Opin/Opin-Bridging-Header.h";
				SWIFT_OPTIMIZATION_LEVEL = "-Onone";
			};
			name = Debug;
		};
		D3D5AE751BA52F6F00A50B8A /* Release */ = {
			isa = XCBuildConfiguration;
			buildSettings = {
				ASSETCATALOG_COMPILER_APPICON_NAME = AppIcon;
				CLANG_ENABLE_MODULES = YES;
				CODE_SIGN_IDENTITY = "iPhone Developer";
				FRAMEWORK_SEARCH_PATHS = (
					"$(inherited)",
					"$(PROJECT_DIR)/Frameworks",
				);
				INFOPLIST_FILE = Opin/Info.plist;
				LD_RUNPATH_SEARCH_PATHS = "$(inherited) @executable_path/Frameworks";
				PRODUCT_NAME = "$(TARGET_NAME)";
				SWIFT_OBJC_BRIDGING_HEADER = "Opin/Opin-Bridging-Header.h";
			};
			name = Release;
		};
		D3D5AE771BA52F6F00A50B8A /* Debug */ = {
			isa = XCBuildConfiguration;
			buildSettings = {
				BUNDLE_LOADER = "$(TEST_HOST)";
				FRAMEWORK_SEARCH_PATHS = (
					"$(SDKROOT)/Developer/Library/Frameworks",
					"$(inherited)",
				);
				GCC_PREPROCESSOR_DEFINITIONS = (
					"DEBUG=1",
					"$(inherited)",
				);
				INFOPLIST_FILE = OpinTests/Info.plist;
				LD_RUNPATH_SEARCH_PATHS = "$(inherited) @executable_path/Frameworks @loader_path/Frameworks";
				PRODUCT_NAME = "$(TARGET_NAME)";
				TEST_HOST = "$(BUILT_PRODUCTS_DIR)/Opin.app/Opin";
			};
			name = Debug;
		};
		D3D5AE781BA52F6F00A50B8A /* Release */ = {
			isa = XCBuildConfiguration;
			buildSettings = {
				BUNDLE_LOADER = "$(TEST_HOST)";
				FRAMEWORK_SEARCH_PATHS = (
					"$(SDKROOT)/Developer/Library/Frameworks",
					"$(inherited)",
				);
				INFOPLIST_FILE = OpinTests/Info.plist;
				LD_RUNPATH_SEARCH_PATHS = "$(inherited) @executable_path/Frameworks @loader_path/Frameworks";
				PRODUCT_NAME = "$(TARGET_NAME)";
				TEST_HOST = "$(BUILT_PRODUCTS_DIR)/Opin.app/Opin";
			};
			name = Release;
		};
/* End XCBuildConfiguration section */

/* Begin XCConfigurationList section */
		D3D5AE4F1BA52F6F00A50B8A /* Build configuration list for PBXProject "Opin" */ = {
			isa = XCConfigurationList;
			buildConfigurations = (
				D3D5AE711BA52F6F00A50B8A /* Debug */,
				D3D5AE721BA52F6F00A50B8A /* Release */,
			);
			defaultConfigurationIsVisible = 0;
			defaultConfigurationName = Release;
		};
		D3D5AE731BA52F6F00A50B8A /* Build configuration list for PBXNativeTarget "Opin" */ = {
			isa = XCConfigurationList;
			buildConfigurations = (
				D3D5AE741BA52F6F00A50B8A /* Debug */,
				D3D5AE751BA52F6F00A50B8A /* Release */,
			);
			defaultConfigurationIsVisible = 0;
			defaultConfigurationName = Release;
		};
		D3D5AE761BA52F6F00A50B8A /* Build configuration list for PBXNativeTarget "OpinTests" */ = {
			isa = XCConfigurationList;
			buildConfigurations = (
				D3D5AE771BA52F6F00A50B8A /* Debug */,
				D3D5AE781BA52F6F00A50B8A /* Release */,
			);
			defaultConfigurationIsVisible = 0;
			defaultConfigurationName = Release;
		};
/* End XCConfigurationList section */
	};
	rootObject = D3D5AE4C1BA52F6F00A50B8A /* Project object */;
}
